// !$*UTF8*$!
{
	archiveVersion = 1;
	classes = {
	};
	objectVersion = 77;
	objects = {

/* Begin PBXBuildFile section */
		7096EDAA2F41BEA400E230E6 /* RepositoryCell.swift in Sources */ = {isa = PBXBuildFile; fileRef = 7096EDA92F41BEA400E230E6 /* RepositoryCell.swift */; };
		7096EDAD2F41CD3000E230E6 /* GitHubAPIClient.swift in Sources */ = {isa = PBXBuildFile; fileRef = 7096EDAC2F41CD3000E230E6 /* GitHubAPIClient.swift */; };
		70DD371E2F4088C7003EDD4B /* Assets.xcassets in Resources */ = {isa = PBXBuildFile; fileRef = 70DD371A2F4088C7003EDD4B /* Assets.xcassets */; };
		70DD371F2F4088C7003EDD4B /* SearchRepositoriesView.swift in Sources */ = {isa = PBXBuildFile; fileRef = 70DD371B2F4088C7003EDD4B /* SearchRepositoriesView.swift */; };
		70DD37202F4088C7003EDD4B /* GitHubSearchRepositoriesApp.swift in Sources */ = {isa = PBXBuildFile; fileRef = 70DD371C2F4088C7003EDD4B /* GitHubSearchRepositoriesApp.swift */; };
		70DD37502F409385003EDD4B /* SearchRepositoriesViewModel.swift in Sources */ = {isa = PBXBuildFile; fileRef = 70DD374F2F409385003EDD4B /* SearchRepositoriesViewModel.swift */; };
		70DD37522F40B4A8003EDD4B /* SearchRepositoriesConst.swift in Sources */ = {isa = PBXBuildFile; fileRef = 70DD37512F40B4A8003EDD4B /* SearchRepositoriesConst.swift */; };
		70DD37542F40BFBB003EDD4B /* SearchRepositoriesResponse.swift in Sources */ = {isa = PBXBuildFile; fileRef = 70DD37532F40BFBB003EDD4B /* SearchRepositoriesResponse.swift */; };
		70DD37562F40C003003EDD4B /* Repository.swift in Sources */ = {isa = PBXBuildFile; fileRef = 70DD37552F40C003003EDD4B /* Repository.swift */; };
		70DD37592F40C6B1003EDD4B /* QueryTextField.swift in Sources */ = {isa = PBXBuildFile; fileRef = 70DD37582F40C6B1003EDD4B /* QueryTextField.swift */; };
		70DD375B2F40C762003EDD4B /* RepositoryList.swift in Sources */ = {isa = PBXBuildFile; fileRef = 70DD375A2F40C762003EDD4B /* RepositoryList.swift */; };
		70DD375D2F40CE43003EDD4B /* LoadingView.swift in Sources */ = {isa = PBXBuildFile; fileRef = 70DD375C2F40CE43003EDD4B /* LoadingView.swift */; };
/* End PBXBuildFile section */

/* Begin PBXFileReference section */
		70659D012F40750B006DE3BF /* GitHubSearchRepositories.app */ = {isa = PBXFileReference; explicitFileType = wrapper.application; includeInIndex = 0; path = GitHubSearchRepositories.app; sourceTree = BUILT_PRODUCTS_DIR; };
		7096EDA92F41BEA400E230E6 /* RepositoryCell.swift */ = {isa = PBXFileReference; lastKnownFileType = sourcecode.swift; path = RepositoryCell.swift; sourceTree = "<group>"; };
		7096EDAC2F41CD3000E230E6 /* GitHubAPIClient.swift */ = {isa = PBXFileReference; lastKnownFileType = sourcecode.swift; path = GitHubAPIClient.swift; sourceTree = "<group>"; };
		70DD371A2F4088C7003EDD4B /* Assets.xcassets */ = {isa = PBXFileReference; lastKnownFileType = folder.assetcatalog; path = Assets.xcassets; sourceTree = "<group>"; };
		70DD371B2F4088C7003EDD4B /* SearchRepositoriesView.swift */ = {isa = PBXFileReference; lastKnownFileType = sourcecode.swift; path = SearchRepositoriesView.swift; sourceTree = "<group>"; };
		70DD371C2F4088C7003EDD4B /* GitHubSearchRepositoriesApp.swift */ = {isa = PBXFileReference; lastKnownFileType = sourcecode.swift; path = GitHubSearchRepositoriesApp.swift; sourceTree = "<group>"; };
		70DD374F2F409385003EDD4B /* SearchRepositoriesViewModel.swift */ = {isa = PBXFileReference; lastKnownFileType = sourcecode.swift; path = SearchRepositoriesViewModel.swift; sourceTree = "<group>"; };
		70DD37512F40B4A8003EDD4B /* SearchRepositoriesConst.swift */ = {isa = PBXFileReference; lastKnownFileType = sourcecode.swift; path = SearchRepositoriesConst.swift; sourceTree = "<group>"; };
		70DD37532F40BFBB003EDD4B /* SearchRepositoriesResponse.swift */ = {isa = PBXFileReference; lastKnownFileType = sourcecode.swift; path = SearchRepositoriesResponse.swift; sourceTree = "<group>"; };
		70DD37552F40C003003EDD4B /* Repository.swift */ = {isa = PBXFileReference; lastKnownFileType = sourcecode.swift; path = Repository.swift; sourceTree = "<group>"; };
		70DD37582F40C6B1003EDD4B /* QueryTextField.swift */ = {isa = PBXFileReference; lastKnownFileType = sourcecode.swift; path = QueryTextField.swift; sourceTree = "<group>"; };
		70DD375A2F40C762003EDD4B /* RepositoryList.swift */ = {isa = PBXFileReference; lastKnownFileType = sourcecode.swift; path = RepositoryList.swift; sourceTree = "<group>"; };
		70DD375C2F40CE43003EDD4B /* LoadingView.swift */ = {isa = PBXFileReference; lastKnownFileType = sourcecode.swift; path = LoadingView.swift; sourceTree = "<group>"; };
/* End PBXFileReference section */

/* Begin PBXFrameworksBuildPhase section */
		70659CFE2F40750B006DE3BF /* Frameworks */ = {
			isa = PBXFrameworksBuildPhase;
			buildActionMask = 2147483647;
			files = (
			);
			runOnlyForDeploymentPostprocessing = 0;
		};
/* End PBXFrameworksBuildPhase section */

/* Begin PBXGroup section */
		70659CF82F40750B006DE3BF = {
			isa = PBXGroup;
			children = (
				70DD371D2F4088C7003EDD4B /* GitHubSearchRepositories */,
				70659D022F40750B006DE3BF /* Products */,
			);
			sourceTree = "<group>";
		};
		70659D022F40750B006DE3BF /* Products */ = {
			isa = PBXGroup;
			children = (
				70659D012F40750B006DE3BF /* GitHubSearchRepositories.app */,
			);
			name = Products;
			sourceTree = "<group>";
		};
		706EB6432F422776004D1157 /* Common */ = {
			isa = PBXGroup;
			children = (
				70DD375C2F40CE43003EDD4B /* LoadingView.swift */,
			);
			path = Common;
			sourceTree = "<group>";
		};
		7096EDAB2F41CD1800E230E6 /* Service */ = {
			isa = PBXGroup;
			children = (
				7096EDAC2F41CD3000E230E6 /* GitHubAPIClient.swift */,
			);
			path = Service;
			sourceTree = "<group>";
		};
		70DD371D2F4088C7003EDD4B /* GitHubSearchRepositories */ = {
			isa = PBXGroup;
			children = (
				70DD371C2F4088C7003EDD4B /* GitHubSearchRepositoriesApp.swift */,
				70DD374B2F4091F6003EDD4B /* View */,
				70DD374C2F409201003EDD4B /* ViewModel */,
				70DD374D2F40921C003EDD4B /* Model */,
				70DD374E2F409291003EDD4B /* Const */,
				7096EDAB2F41CD1800E230E6 /* Service */,
				70DD371A2F4088C7003EDD4B /* Assets.xcassets */,
			);
			path = GitHubSearchRepositories;
			sourceTree = "<group>";
		};
		70DD374B2F4091F6003EDD4B /* View */ = {
			isa = PBXGroup;
			children = (
				70DD371B2F4088C7003EDD4B /* SearchRepositoriesView.swift */,
				70DD37572F40C690003EDD4B /* SearchRepositories */,
				706EB6432F422776004D1157 /* Common */,
			);
			path = View;
			sourceTree = "<group>";
		};
		70DD374C2F409201003EDD4B /* ViewModel */ = {
			isa = PBXGroup;
			children = (
				70DD374F2F409385003EDD4B /* SearchRepositoriesViewModel.swift */,
			);
			path = ViewModel;
			sourceTree = "<group>";
		};
		70DD374D2F40921C003EDD4B /* Model */ = {
			isa = PBXGroup;
			children = (
				70DD37532F40BFBB003EDD4B /* SearchRepositoriesResponse.swift */,
				70DD37552F40C003003EDD4B /* Repository.swift */,
			);
			path = Model;
			sourceTree = "<group>";
		};
		70DD374E2F409291003EDD4B /* Const */ = {
			isa = PBXGroup;
			children = (
				70DD37512F40B4A8003EDD4B /* SearchRepositoriesConst.swift */,
			);
			path = Const;
			sourceTree = "<group>";
		};
		70DD37572F40C690003EDD4B /* SearchRepositories */ = {
			isa = PBXGroup;
			children = (
				70DD37582F40C6B1003EDD4B /* QueryTextField.swift */,
				70DD375A2F40C762003EDD4B /* RepositoryList.swift */,
				7096EDA92F41BEA400E230E6 /* RepositoryCell.swift */,
			);
			path = SearchRepositories;
			sourceTree = "<group>";
		};
/* End PBXGroup section */

/* Begin PBXNativeTarget section */
		70659D002F40750B006DE3BF /* GitHubSearchRepositories */ = {
			isa = PBXNativeTarget;
			buildConfigurationList = 70659D0C2F40750D006DE3BF /* Build configuration list for PBXNativeTarget "GitHubSearchRepositories" */;
			buildPhases = (
				70659CFD2F40750B006DE3BF /* Sources */,
				70659CFE2F40750B006DE3BF /* Frameworks */,
				70659CFF2F40750B006DE3BF /* Resources */,
			);
			buildRules = (
			);
			dependencies = (
			);
			name = GitHubSearchRepositories;
			packageProductDependencies = (
			);
			productName = GitHubSearchRepositories;
			productReference = 70659D012F40750B006DE3BF /* GitHubSearchRepositories.app */;
			productType = "com.apple.product-type.application";
		};
/* End PBXNativeTarget section */

/* Begin PBXProject section */
		70659CF92F40750B006DE3BF /* Project object */ = {
			isa = PBXProject;
			attributes = {
				BuildIndependentTargetsInParallel = 1;
				LastSwiftUpdateCheck = 2620;
				LastUpgradeCheck = 2620;
				TargetAttributes = {
					70659D002F40750B006DE3BF = {
						CreatedOnToolsVersion = 26.2;
					};
				};
			};
			buildConfigurationList = 70659CFC2F40750B006DE3BF /* Build configuration list for PBXProject "GitHubSearchRepositories" */;
			developmentRegion = en;
			hasScannedForEncodings = 0;
			knownRegions = (
				en,
				Base,
			);
			mainGroup = 70659CF82F40750B006DE3BF;
			minimizedProjectReferenceProxies = 1;
			preferredProjectObjectVersion = 77;
			productRefGroup = 70659D022F40750B006DE3BF /* Products */;
			projectDirPath = "";
			projectRoot = "";
			targets = (
				70659D002F40750B006DE3BF /* GitHubSearchRepositories */,
			);
		};
/* End PBXProject section */

/* Begin PBXResourcesBuildPhase section */
		70659CFF2F40750B006DE3BF /* Resources */ = {
			isa = PBXResourcesBuildPhase;
			buildActionMask = 2147483647;
			files = (
				70DD371E2F4088C7003EDD4B /* Assets.xcassets in Resources */,
			);
			runOnlyForDeploymentPostprocessing = 0;
		};
/* End PBXResourcesBuildPhase section */

/* Begin PBXSourcesBuildPhase section */
		70659CFD2F40750B006DE3BF /* Sources */ = {
			isa = PBXSourcesBuildPhase;
			buildActionMask = 2147483647;
			files = (
				70DD371F2F4088C7003EDD4B /* SearchRepositoriesView.swift in Sources */,
				70DD37202F4088C7003EDD4B /* GitHubSearchRepositoriesApp.swift in Sources */,
				70DD37502F409385003EDD4B /* SearchRepositoriesViewModel.swift in Sources */,
				70DD375B2F40C762003EDD4B /* RepositoryList.swift in Sources */,
				70DD37522F40B4A8003EDD4B /* SearchRepositoriesConst.swift in Sources */,
				7096EDAA2F41BEA400E230E6 /* RepositoryCell.swift in Sources */,
				7096EDAD2F41CD3000E230E6 /* GitHubAPIClient.swift in Sources */,
				70DD37542F40BFBB003EDD4B /* SearchRepositoriesResponse.swift in Sources */,
				70DD37592F40C6B1003EDD4B /* QueryTextField.swift in Sources */,
				70DD37562F40C003003EDD4B /* Repository.swift in Sources */,
				70DD375D2F40CE43003EDD4B /* LoadingView.swift in Sources */,
			);
			runOnlyForDeploymentPostprocessing = 0;
		};
/* End PBXSourcesBuildPhase section */

/* Begin XCBuildConfiguration section */
		70659D0A2F40750D006DE3BF /* Debug */ = {
			isa = XCBuildConfiguration;
			buildSettings = {
				ALWAYS_SEARCH_USER_PATHS = NO;
				ASSETCATALOG_COMPILER_GENERATE_SWIFT_ASSET_SYMBOL_EXTENSIONS = YES;
				CLANG_ANALYZER_NONNULL = YES;
				CLANG_ANALYZER_NUMBER_OBJECT_CONVERSION = YES_AGGRESSIVE;
				CLANG_CXX_LANGUAGE_STANDARD = "gnu++20";
				CLANG_ENABLE_MODULES = YES;
				CLANG_ENABLE_OBJC_ARC = YES;
				CLANG_ENABLE_OBJC_WEAK = YES;
				CLANG_WARN_BLOCK_CAPTURE_AUTORELEASING = YES;
				CLANG_WARN_BOOL_CONVERSION = YES;
				CLANG_WARN_COMMA = YES;
				CLANG_WARN_CONSTANT_CONVERSION = YES;
				CLANG_WARN_DEPRECATED_OBJC_IMPLEMENTATIONS = YES;
				CLANG_WARN_DIRECT_OBJC_ISA_USAGE = YES_ERROR;
				CLANG_WARN_DOCUMENTATION_COMMENTS = YES;
				CLANG_WARN_EMPTY_BODY = YES;
				CLANG_WARN_ENUM_CONVERSION = YES;
				CLANG_WARN_INFINITE_RECURSION = YES;
				CLANG_WARN_INT_CONVERSION = YES;
				CLANG_WARN_NON_LITERAL_NULL_CONVERSION = YES;
				CLANG_WARN_OBJC_IMPLICIT_RETAIN_SELF = YES;
				CLANG_WARN_OBJC_LITERAL_CONVERSION = YES;
				CLANG_WARN_OBJC_ROOT_CLASS = YES_ERROR;
				CLANG_WARN_QUOTED_INCLUDE_IN_FRAMEWORK_HEADER = YES;
				CLANG_WARN_RANGE_LOOP_ANALYSIS = YES;
				CLANG_WARN_STRICT_PROTOTYPES = YES;
				CLANG_WARN_SUSPICIOUS_MOVE = YES;
				CLANG_WARN_UNGUARDED_AVAILABILITY = YES_AGGRESSIVE;
				CLANG_WARN_UNREACHABLE_CODE = YES;
				CLANG_WARN__DUPLICATE_METHOD_MATCH = YES;
				COPY_PHASE_STRIP = NO;
				DEBUG_INFORMATION_FORMAT = dwarf;
				DEVELOPMENT_TEAM = 5BHLDCHG6U;
				ENABLE_STRICT_OBJC_MSGSEND = YES;
				ENABLE_TESTABILITY = YES;
				ENABLE_USER_SCRIPT_SANDBOXING = YES;
				GCC_C_LANGUAGE_STANDARD = gnu17;
				GCC_DYNAMIC_NO_PIC = NO;
				GCC_NO_COMMON_BLOCKS = YES;
				GCC_OPTIMIZATION_LEVEL = 0;
				GCC_PREPROCESSOR_DEFINITIONS = (
					"DEBUG=1",
					"$(inherited)",
				);
				GCC_WARN_64_TO_32_BIT_CONVERSION = YES;
				GCC_WARN_ABOUT_RETURN_TYPE = YES_ERROR;
				GCC_WARN_UNDECLARED_SELECTOR = YES;
				GCC_WARN_UNINITIALIZED_AUTOS = YES_AGGRESSIVE;
				GCC_WARN_UNUSED_FUNCTION = YES;
				GCC_WARN_UNUSED_VARIABLE = YES;
				IPHONEOS_DEPLOYMENT_TARGET = 26.2;
				LOCALIZATION_PREFERS_STRING_CATALOGS = YES;
				MTL_ENABLE_DEBUG_INFO = INCLUDE_SOURCE;
				MTL_FAST_MATH = YES;
				ONLY_ACTIVE_ARCH = YES;
				SDKROOT = iphoneos;
				SWIFT_ACTIVE_COMPILATION_CONDITIONS = "DEBUG $(inherited)";
				SWIFT_OPTIMIZATION_LEVEL = "-Onone";
			};
			name = Debug;
		};
		70659D0B2F40750D006DE3BF /* Release */ = {
			isa = XCBuildConfiguration;
			buildSettings = {
				ALWAYS_SEARCH_USER_PATHS = NO;
				ASSETCATALOG_COMPILER_GENERATE_SWIFT_ASSET_SYMBOL_EXTENSIONS = YES;
				CLANG_ANALYZER_NONNULL = YES;
				CLANG_ANALYZER_NUMBER_OBJECT_CONVERSION = YES_AGGRESSIVE;
				CLANG_CXX_LANGUAGE_STANDARD = "gnu++20";
				CLANG_ENABLE_MODULES = YES;
				CLANG_ENABLE_OBJC_ARC = YES;
				CLANG_ENABLE_OBJC_WEAK = YES;
				CLANG_WARN_BLOCK_CAPTURE_AUTORELEASING = YES;
				CLANG_WARN_BOOL_CONVERSION = YES;
				CLANG_WARN_COMMA = YES;
				CLANG_WARN_CONSTANT_CONVERSION = YES;
				CLANG_WARN_DEPRECATED_OBJC_IMPLEMENTATIONS = YES;
				CLANG_WARN_DIRECT_OBJC_ISA_USAGE = YES_ERROR;
				CLANG_WARN_DOCUMENTATION_COMMENTS = YES;
				CLANG_WARN_EMPTY_BODY = YES;
				CLANG_WARN_ENUM_CONVERSION = YES;
				CLANG_WARN_INFINITE_RECURSION = YES;
				CLANG_WARN_INT_CONVERSION = YES;
				CLANG_WARN_NON_LITERAL_NULL_CONVERSION = YES;
				CLANG_WARN_OBJC_IMPLICIT_RETAIN_SELF = YES;
				CLANG_WARN_OBJC_LITERAL_CONVERSION = YES;
				CLANG_WARN_OBJC_ROOT_CLASS = YES_ERROR;
				CLANG_WARN_QUOTED_INCLUDE_IN_FRAMEWORK_HEADER = YES;
				CLANG_WARN_RANGE_LOOP_ANALYSIS = YES;
				CLANG_WARN_STRICT_PROTOTYPES = YES;
				CLANG_WARN_SUSPICIOUS_MOVE = YES;
				CLANG_WARN_UNGUARDED_AVAILABILITY = YES_AGGRESSIVE;
				CLANG_WARN_UNREACHABLE_CODE = YES;
				CLANG_WARN__DUPLICATE_METHOD_MATCH = YES;
				COPY_PHASE_STRIP = NO;
				DEBUG_INFORMATION_FORMAT = "dwarf-with-dsym";
				DEVELOPMENT_TEAM = 5BHLDCHG6U;
				ENABLE_NS_ASSERTIONS = NO;
				ENABLE_STRICT_OBJC_MSGSEND = YES;
				ENABLE_USER_SCRIPT_SANDBOXING = YES;
				GCC_C_LANGUAGE_STANDARD = gnu17;
				GCC_NO_COMMON_BLOCKS = YES;
				GCC_WARN_64_TO_32_BIT_CONVERSION = YES;
				GCC_WARN_ABOUT_RETURN_TYPE = YES_ERROR;
				GCC_WARN_UNDECLARED_SELECTOR = YES;
				GCC_WARN_UNINITIALIZED_AUTOS = YES_AGGRESSIVE;
				GCC_WARN_UNUSED_FUNCTION = YES;
				GCC_WARN_UNUSED_VARIABLE = YES;
				IPHONEOS_DEPLOYMENT_TARGET = 26.2;
				LOCALIZATION_PREFERS_STRING_CATALOGS = YES;
				MTL_ENABLE_DEBUG_INFO = NO;
				MTL_FAST_MATH = YES;
				SDKROOT = iphoneos;
				SWIFT_COMPILATION_MODE = wholemodule;
				VALIDATE_PRODUCT = YES;
			};
			name = Release;
		};
		70659D0D2F40750D006DE3BF /* Debug */ = {
			isa = XCBuildConfiguration;
			buildSettings = {
				ASSETCATALOG_COMPILER_APPICON_NAME = AppIcon;
				ASSETCATALOG_COMPILER_GLOBAL_ACCENT_COLOR_NAME = AccentColor;
				CODE_SIGN_STYLE = Automatic;
				CURRENT_PROJECT_VERSION = 1;
				DEVELOPMENT_TEAM = 5BHLDCHG6U;
				ENABLE_PREVIEWS = YES;
				GENERATE_INFOPLIST_FILE = YES;
				INFOPLIST_KEY_CFBundleDisplayName = "GitHubレポジトリ検索";
				INFOPLIST_KEY_UIApplicationSceneManifest_Generation = YES;
				INFOPLIST_KEY_UIApplicationSupportsIndirectInputEvents = YES;
				INFOPLIST_KEY_UILaunchScreen_Generation = YES;
				INFOPLIST_KEY_UISupportedInterfaceOrientations = UIInterfaceOrientationPortrait;
				IPHONEOS_DEPLOYMENT_TARGET = 16.0;
				LD_RUNPATH_SEARCH_PATHS = (
					"$(inherited)",
					"@executable_path/Frameworks",
				);
				MARKETING_VERSION = 1.0;
				PRODUCT_BUNDLE_IDENTIFIER = "com.toshiki-dev.GitHubSearchRepositories";
				PRODUCT_NAME = "$(TARGET_NAME)";
				STRING_CATALOG_GENERATE_SYMBOLS = YES;
				SUPPORTED_PLATFORMS = "iphoneos iphonesimulator";
				SUPPORTS_MACCATALYST = NO;
				SUPPORTS_MAC_DESIGNED_FOR_IPHONE_IPAD = NO;
				SUPPORTS_XR_DESIGNED_FOR_IPHONE_IPAD = NO;
				SWIFT_APPROACHABLE_CONCURRENCY = YES;
				SWIFT_DEFAULT_ACTOR_ISOLATION = MainActor;
				SWIFT_EMIT_LOC_STRINGS = YES;
				SWIFT_UPCOMING_FEATURE_MEMBER_IMPORT_VISIBILITY = YES;
				SWIFT_VERSION = 5.0;
				TARGETED_DEVICE_FAMILY = "1,2";
			};
			name = Debug;
		};
		70659D0E2F40750D006DE3BF /* Release */ = {
			isa = XCBuildConfiguration;
			buildSettings = {
				ASSETCATALOG_COMPILER_APPICON_NAME = AppIcon;
				ASSETCATALOG_COMPILER_GLOBAL_ACCENT_COLOR_NAME = AccentColor;
				CODE_SIGN_STYLE = Automatic;
				CURRENT_PROJECT_VERSION = 1;
				DEVELOPMENT_TEAM = 5BHLDCHG6U;
				ENABLE_PREVIEWS = YES;
				GENERATE_INFOPLIST_FILE = YES;
				INFOPLIST_KEY_CFBundleDisplayName = "GitHubレポジトリ検索";
				INFOPLIST_KEY_UIApplicationSceneManifest_Generation = YES;
				INFOPLIST_KEY_UIApplicationSupportsIndirectInputEvents = YES;
				INFOPLIST_KEY_UILaunchScreen_Generation = YES;
				INFOPLIST_KEY_UISupportedInterfaceOrientations = UIInterfaceOrientationPortrait;
				IPHONEOS_DEPLOYMENT_TARGET = 16.0;
				LD_RUNPATH_SEARCH_PATHS = (
					"$(inherited)",
					"@executable_path/Frameworks",
				);
				MARKETING_VERSION = 1.0;
				PRODUCT_BUNDLE_IDENTIFIER = "com.toshiki-dev.GitHubSearchRepositories";
				PRODUCT_NAME = "$(TARGET_NAME)";
				STRING_CATALOG_GENERATE_SYMBOLS = YES;
				SUPPORTED_PLATFORMS = "iphoneos iphonesimulator";
				SUPPORTS_MACCATALYST = NO;
				SUPPORTS_MAC_DESIGNED_FOR_IPHONE_IPAD = NO;
				SUPPORTS_XR_DESIGNED_FOR_IPHONE_IPAD = NO;
				SWIFT_APPROACHABLE_CONCURRENCY = YES;
				SWIFT_DEFAULT_ACTOR_ISOLATION = MainActor;
				SWIFT_EMIT_LOC_STRINGS = YES;
				SWIFT_UPCOMING_FEATURE_MEMBER_IMPORT_VISIBILITY = YES;
				SWIFT_VERSION = 5.0;
				TARGETED_DEVICE_FAMILY = "1,2";
			};
			name = Release;
		};
/* End XCBuildConfiguration section */

/* Begin XCConfigurationList section */
		70659CFC2F40750B006DE3BF /* Build configuration list for PBXProject "GitHubSearchRepositories" */ = {
			isa = XCConfigurationList;
			buildConfigurations = (
				70659D0A2F40750D006DE3BF /* Debug */,
				70659D0B2F40750D006DE3BF /* Release */,
			);
			defaultConfigurationIsVisible = 0;
			defaultConfigurationName = Release;
		};
		70659D0C2F40750D006DE3BF /* Build configuration list for PBXNativeTarget "GitHubSearchRepositories" */ = {
			isa = XCConfigurationList;
			buildConfigurations = (
				70659D0D2F40750D006DE3BF /* Debug */,
				70659D0E2F40750D006DE3BF /* Release */,
			);
			defaultConfigurationIsVisible = 0;
			defaultConfigurationName = Release;
		};
/* End XCConfigurationList section */
	};
	rootObject = 70659CF92F40750B006DE3BF /* Project object */;
}
